
Microsoft Visual Studio Solution File, Format Version 12.00
# Visual Studio Version 17
VisualStudioVersion = 17.7.34031.279
MinimumVisualStudioVersion = 10.0.40219.1
Project("{FAE04EC0-301F-11D3-BF4B-00C04F79EFBC}") = "Session_17_Assignment", "Session_17_Assignment.csproj", "{23CF42CD-6138-433A-8133-5AA5FA05CEB4}"
EndProject
Global
	GlobalSection(SolutionConfigurationPlatforms) = preSolution
		Debug|Any CPU = Debug|Any CPU
		Release|Any CPU = Release|Any CPU
	EndGlobalSection
	GlobalSection(ProjectConfigurationPlatforms) = postSolution
		{23CF42CD-6138-433A-8133-5AA5FA05CEB4}.Debug|Any CPU.ActiveCfg = Debug|Any CPU
		{23CF42CD-6138-433A-8133-5AA5FA05CEB4}.Debug|Any CPU.Build.0 = Debug|Any CPU
		{23CF42CD-6138-433A-8133-5AA5FA05CEB4}.Release|Any CPU.ActiveCfg = Release|Any CPU
		{23CF42CD-6138-433A-8133-5AA5FA05CEB4}.Release|Any CPU.Build.0 = Release|Any CPU
	EndGlobalSection
	GlobalSection(SolutionProperties) = preSolution
		HideSolutionNode = FALSE
	EndGlobalSection
	GlobalSection(ExtensibilityGlobals) = postSolution
		SolutionGuid = {BDFDD7DC-7CFC-4214-B545-5BA2B58F3694}
	EndGlobalSection
EndGlobal
